
Microsoft Visual Studio Solution File, Format Version 12.00
# Visual Studio Version 16
VisualStudioVersion = 16.0.29409.12
MinimumVisualStudioVersion = 10.0.40219.1
Project("{9A19103F-16F7-4668-BE54-9A1E7A4F7556}") = "SmartMirror.WebAPI", "SmartMirror.WebAPI\SmartMirror.WebAPI.csproj", "{F1D3C644-536F-40C3-AFF1-BEC19D252F56}"
EndProject
Project("{FAE04EC0-301F-11D3-BF4B-00C04F79EFBC}") = "SmartMirror.Web", "SmartMirror.Web\SmartMirror.Web.csproj", "{316912F2-624B-426D-88F9-032E28FE8586}"
EndProject
Global
	GlobalSection(SolutionConfigurationPlatforms) = preSolution
		Debug|Any CPU = Debug|Any CPU
		Release|Any CPU = Release|Any CPU
	EndGlobalSection
	GlobalSection(ProjectConfigurationPlatforms) = postSolution
		{F1D3C644-536F-40C3-AFF1-BEC19D252F56}.Debug|Any CPU.ActiveCfg = Debug|Any CPU
		{F1D3C644-536F-40C3-AFF1-BEC19D252F56}.Debug|Any CPU.Build.0 = Debug|Any CPU
		{F1D3C644-536F-40C3-AFF1-BEC19D252F56}.Release|Any CPU.ActiveCfg = Release|Any CPU
		{F1D3C644-536F-40C3-AFF1-BEC19D252F56}.Release|Any CPU.Build.0 = Release|Any CPU
		{316912F2-624B-426D-88F9-032E28FE8586}.Debug|Any CPU.ActiveCfg = Debug|Any CPU
		{316912F2-624B-426D-88F9-032E28FE8586}.Debug|Any CPU.Build.0 = Debug|Any CPU
		{316912F2-624B-426D-88F9-032E28FE8586}.Release|Any CPU.ActiveCfg = Release|Any CPU
		{316912F2-624B-426D-88F9-032E28FE8586}.Release|Any CPU.Build.0 = Release|Any CPU
	EndGlobalSection
	GlobalSection(SolutionProperties) = preSolution
		HideSolutionNode = FALSE
	EndGlobalSection
	GlobalSection(ExtensibilityGlobals) = postSolution
		SolutionGuid = {796DB805-0A95-48F0-9E20-C97E5CD3A993}
	EndGlobalSection
EndGlobal
